// !$*UTF8*$!
{
	archiveVersion = 1;
	classes = {
	};
	objectVersion = 46;
	objects = {

/* Begin PBXBuildFile section */
		958863A01C3F19AE00840FB4 /* AppDelegate.swift in Sources */ = {isa = PBXBuildFile; fileRef = 9588639F1C3F19AE00840FB4 /* AppDelegate.swift */; };
		958863A71C3F19AE00840FB4 /* Main.storyboard in Resources */ = {isa = PBXBuildFile; fileRef = 958863A51C3F19AE00840FB4 /* Main.storyboard */; };
		958863A91C3F19AE00840FB4 /* Assets.xcassets in Resources */ = {isa = PBXBuildFile; fileRef = 958863A81C3F19AE00840FB4 /* Assets.xcassets */; };
		958863AC1C3F19AE00840FB4 /* LaunchScreen.storyboard in Resources */ = {isa = PBXBuildFile; fileRef = 958863AA1C3F19AE00840FB4 /* LaunchScreen.storyboard */; };
		958863B71C3F19AE00840FB4 /* CodeMashQualityTests.swift in Sources */ = {isa = PBXBuildFile; fileRef = 958863B61C3F19AE00840FB4 /* CodeMashQualityTests.swift */; };
		958863C21C3F19AE00840FB4 /* CodeMashQualityUITests.swift in Sources */ = {isa = PBXBuildFile; fileRef = 958863C11C3F19AE00840FB4 /* CodeMashQualityUITests.swift */; };
		958863D71C3F1AF000840FB4 /* ApiHelper.swift in Sources */ = {isa = PBXBuildFile; fileRef = 958863D21C3F1AF000840FB4 /* ApiHelper.swift */; };
		958863D81C3F1AF000840FB4 /* GlobalHelper.swift in Sources */ = {isa = PBXBuildFile; fileRef = 958863D31C3F1AF000840FB4 /* GlobalHelper.swift */; };
		958863D91C3F1AF000840FB4 /* PaymentViewController.swift in Sources */ = {isa = PBXBuildFile; fileRef = 958863D41C3F1AF000840FB4 /* PaymentViewController.swift */; };
		958863DA1C3F1AF000840FB4 /* Rates.swift in Sources */ = {isa = PBXBuildFile; fileRef = 958863D51C3F1AF000840FB4 /* Rates.swift */; };
		958863DB1C3F1AF000840FB4 /* RatesTableViewController.swift in Sources */ = {isa = PBXBuildFile; fileRef = 958863D61C3F1AF000840FB4 /* RatesTableViewController.swift */; };
		958863DE1C3F1C7D00840FB4 /* ParsePeformanceTests.swift in Sources */ = {isa = PBXBuildFile; fileRef = 958863DD1C3F1C7D00840FB4 /* ParsePeformanceTests.swift */; };
		958863E01C3F1E0B00840FB4 /* Products.swift in Sources */ = {isa = PBXBuildFile; fileRef = 958863DF1C3F1E0B00840FB4 /* Products.swift */; };
		958863E31C3F26E800840FB4 /* Bolts.framework in Frameworks */ = {isa = PBXBuildFile; fileRef = 958863E11C3F26E800840FB4 /* Bolts.framework */; };
		958863E41C3F26E800840FB4 /* Bolts.framework in Embed Frameworks */ = {isa = PBXBuildFile; fileRef = 958863E11C3F26E800840FB4 /* Bolts.framework */; settings = {ATTRIBUTES = (CodeSignOnCopy, RemoveHeadersOnCopy, ); }; };
		958863E51C3F26E800840FB4 /* Parse.framework in Frameworks */ = {isa = PBXBuildFile; fileRef = 958863E21C3F26E800840FB4 /* Parse.framework */; };
		958863E61C3F26E800840FB4 /* Parse.framework in Embed Frameworks */ = {isa = PBXBuildFile; fileRef = 958863E21C3F26E800840FB4 /* Parse.framework */; settings = {ATTRIBUTES = (CodeSignOnCopy, RemoveHeadersOnCopy, ); }; };
		958863EA1C3F277600840FB4 /* libsqlite3.tbd in Frameworks */ = {isa = PBXBuildFile; fileRef = 958863E91C3F277600840FB4 /* libsqlite3.tbd */; };
		958863F21C3F285900840FB4 /* SystemConfiguration.framework in Frameworks */ = {isa = PBXBuildFile; fileRef = 958863F11C3F285900840FB4 /* SystemConfiguration.framework */; };
		958863F31C3F296100840FB4 /* Bolts.framework in Frameworks */ = {isa = PBXBuildFile; fileRef = 958863E11C3F26E800840FB4 /* Bolts.framework */; };
		958863F41C3F296100840FB4 /* Parse.framework in Frameworks */ = {isa = PBXBuildFile; fileRef = 958863E21C3F26E800840FB4 /* Parse.framework */; };
		958864241C3F7E9C00840FB4 /* GenericTests.swift in Sources */ = {isa = PBXBuildFile; fileRef = 958864231C3F7E9C00840FB4 /* GenericTests.swift */; };
/* End PBXBuildFile section */

/* Begin PBXContainerItemProxy section */
		958863B31C3F19AE00840FB4 /* PBXContainerItemProxy */ = {
			isa = PBXContainerItemProxy;
			containerPortal = 958863941C3F19AE00840FB4 /* Project object */;
			proxyType = 1;
			remoteGlobalIDString = 9588639B1C3F19AE00840FB4;
			remoteInfo = CodeMashQuality;
		};
		958863BE1C3F19AE00840FB4 /* PBXContainerItemProxy */ = {
			isa = PBXContainerItemProxy;
			containerPortal = 958863941C3F19AE00840FB4 /* Project object */;
			proxyType = 1;
			remoteGlobalIDString = 9588639B1C3F19AE00840FB4;
			remoteInfo = CodeMashQuality;
		};
/* End PBXContainerItemProxy section */

/* Begin PBXCopyFilesBuildPhase section */
		958863E71C3F26E800840FB4 /* Embed Frameworks */ = {
			isa = PBXCopyFilesBuildPhase;
			buildActionMask = 2147483647;
			dstPath = "";
			dstSubfolderSpec = 10;
			files = (
				958863E61C3F26E800840FB4 /* Parse.framework in Embed Frameworks */,
				958863E41C3F26E800840FB4 /* Bolts.framework in Embed Frameworks */,
			);
			name = "Embed Frameworks";
			runOnlyForDeploymentPostprocessing = 0;
		};
/* End PBXCopyFilesBuildPhase section */

/* Begin PBXFileReference section */
		9588639C1C3F19AE00840FB4 /* CodeMashQuality.app */ = {isa = PBXFileReference; explicitFileType = wrapper.application; includeInIndex = 0; path = CodeMashQuality.app; sourceTree = BUILT_PRODUCTS_DIR; };
		9588639F1C3F19AE00840FB4 /* AppDelegate.swift */ = {isa = PBXFileReference; lastKnownFileType = sourcecode.swift; path = AppDelegate.swift; sourceTree = "<group>"; };
		958863A61C3F19AE00840FB4 /* Base */ = {isa = PBXFileReference; lastKnownFileType = file.storyboard; name = Base; path = Base.lproj/Main.storyboard; sourceTree = "<group>"; };
		958863A81C3F19AE00840FB4 /* Assets.xcassets */ = {isa = PBXFileReference; lastKnownFileType = folder.assetcatalog; path = Assets.xcassets; sourceTree = "<group>"; };
		958863AB1C3F19AE00840FB4 /* Base */ = {isa = PBXFileReference; lastKnownFileType = file.storyboard; name = Base; path = Base.lproj/LaunchScreen.storyboard; sourceTree = "<group>"; };
		958863AD1C3F19AE00840FB4 /* Info.plist */ = {isa = PBXFileReference; lastKnownFileType = text.plist.xml; path = Info.plist; sourceTree = "<group>"; };
		958863B21C3F19AE00840FB4 /* CodeMashQualityTests.xctest */ = {isa = PBXFileReference; explicitFileType = wrapper.cfbundle; includeInIndex = 0; path = CodeMashQualityTests.xctest; sourceTree = BUILT_PRODUCTS_DIR; };
		958863B61C3F19AE00840FB4 /* CodeMashQualityTests.swift */ = {isa = PBXFileReference; lastKnownFileType = sourcecode.swift; path = CodeMashQualityTests.swift; sourceTree = "<group>"; };
		958863B81C3F19AE00840FB4 /* Info.plist */ = {isa = PBXFileReference; lastKnownFileType = text.plist.xml; path = Info.plist; sourceTree = "<group>"; };
		958863BD1C3F19AE00840FB4 /* CodeMashQualityUITests.xctest */ = {isa = PBXFileReference; explicitFileType = wrapper.cfbundle; includeInIndex = 0; path = CodeMashQualityUITests.xctest; sourceTree = BUILT_PRODUCTS_DIR; };
		958863C11C3F19AE00840FB4 /* CodeMashQualityUITests.swift */ = {isa = PBXFileReference; lastKnownFileType = sourcecode.swift; path = CodeMashQualityUITests.swift; sourceTree = "<group>"; };
		958863C31C3F19AE00840FB4 /* Info.plist */ = {isa = PBXFileReference; lastKnownFileType = text.plist.xml; path = Info.plist; sourceTree = "<group>"; };
		958863D21C3F1AF000840FB4 /* ApiHelper.swift */ = {isa = PBXFileReference; fileEncoding = 4; lastKnownFileType = sourcecode.swift; path = ApiHelper.swift; sourceTree = "<group>"; };
		958863D31C3F1AF000840FB4 /* GlobalHelper.swift */ = {isa = PBXFileReference; fileEncoding = 4; lastKnownFileType = sourcecode.swift; path = GlobalHelper.swift; sourceTree = "<group>"; };
		958863D41C3F1AF000840FB4 /* PaymentViewController.swift */ = {isa = PBXFileReference; fileEncoding = 4; lastKnownFileType = sourcecode.swift; path = PaymentViewController.swift; sourceTree = "<group>"; };
		958863D51C3F1AF000840FB4 /* Rates.swift */ = {isa = PBXFileReference; fileEncoding = 4; lastKnownFileType = sourcecode.swift; path = Rates.swift; sourceTree = "<group>"; };
		958863D61C3F1AF000840FB4 /* RatesTableViewController.swift */ = {isa = PBXFileReference; fileEncoding = 4; lastKnownFileType = sourcecode.swift; path = RatesTableViewController.swift; sourceTree = "<group>"; };
		958863DD1C3F1C7D00840FB4 /* ParsePeformanceTests.swift */ = {isa = PBXFileReference; fileEncoding = 4; lastKnownFileType = sourcecode.swift; path = ParsePeformanceTests.swift; sourceTree = "<group>"; };
		958863DF1C3F1E0B00840FB4 /* Products.swift */ = {isa = PBXFileReference; fileEncoding = 4; lastKnownFileType = sourcecode.swift; path = Products.swift; sourceTree = "<group>"; };
		958863E11C3F26E800840FB4 /* Bolts.framework */ = {isa = PBXFileReference; lastKnownFileType = wrapper.framework; path = Bolts.framework; sourceTree = "<group>"; };
		958863E21C3F26E800840FB4 /* Parse.framework */ = {isa = PBXFileReference; lastKnownFileType = wrapper.framework; path = Parse.framework; sourceTree = "<group>"; };
		958863E91C3F277600840FB4 /* libsqlite3.tbd */ = {isa = PBXFileReference; lastKnownFileType = "sourcecode.text-based-dylib-definition"; name = libsqlite3.tbd; path = usr/lib/libsqlite3.tbd; sourceTree = SDKROOT; };
		958863F11C3F285900840FB4 /* SystemConfiguration.framework */ = {isa = PBXFileReference; lastKnownFileType = wrapper.framework; name = SystemConfiguration.framework; path = System/Library/Frameworks/SystemConfiguration.framework; sourceTree = SDKROOT; };
		958864231C3F7E9C00840FB4 /* GenericTests.swift */ = {isa = PBXFileReference; fileEncoding = 4; lastKnownFileType = sourcecode.swift; path = GenericTests.swift; sourceTree = "<group>"; };
/* End PBXFileReference section */

/* Begin PBXFrameworksBuildPhase section */
		958863991C3F19AE00840FB4 /* Frameworks */ = {
			isa = PBXFrameworksBuildPhase;
			buildActionMask = 2147483647;
			files = (
				958863F21C3F285900840FB4 /* SystemConfiguration.framework in Frameworks */,
				958863EA1C3F277600840FB4 /* libsqlite3.tbd in Frameworks */,
				958863E51C3F26E800840FB4 /* Parse.framework in Frameworks */,
				958863E31C3F26E800840FB4 /* Bolts.framework in Frameworks */,
			);
			runOnlyForDeploymentPostprocessing = 0;
		};
		958863AF1C3F19AE00840FB4 /* Frameworks */ = {
			isa = PBXFrameworksBuildPhase;
			buildActionMask = 2147483647;
			files = (
				958863F41C3F296100840FB4 /* Parse.framework in Frameworks */,
				958863F31C3F296100840FB4 /* Bolts.framework in Frameworks */,
			);
			runOnlyForDeploymentPostprocessing = 0;
		};
		958863BA1C3F19AE00840FB4 /* Frameworks */ = {
			isa = PBXFrameworksBuildPhase;
			buildActionMask = 2147483647;
			files = (
			);
			runOnlyForDeploymentPostprocessing = 0;
		};
/* End PBXFrameworksBuildPhase section */

/* Begin PBXGroup section */
		958863931C3F19AE00840FB4 = {
			isa = PBXGroup;
			children = (
				9588639E1C3F19AE00840FB4 /* CodeMashQuality */,
				958863B51C3F19AE00840FB4 /* CodeMashQualityTests */,
				958863C01C3F19AE00840FB4 /* CodeMashQualityUITests */,
				9588639D1C3F19AE00840FB4 /* Products */,
				958863E81C3F26F800840FB4 /* External Libraries */,
			);
			sourceTree = "<group>";
		};
		9588639D1C3F19AE00840FB4 /* Products */ = {
			isa = PBXGroup;
			children = (
				9588639C1C3F19AE00840FB4 /* CodeMashQuality.app */,
				958863B21C3F19AE00840FB4 /* CodeMashQualityTests.xctest */,
				958863BD1C3F19AE00840FB4 /* CodeMashQualityUITests.xctest */,
			);
			name = Products;
			sourceTree = "<group>";
		};
		9588639E1C3F19AE00840FB4 /* CodeMashQuality */ = {
			isa = PBXGroup;
			children = (
				958863CF1C3F1AAC00840FB4 /* Model */,
				958863D01C3F1AB400840FB4 /* View */,
				958863D11C3F1ABA00840FB4 /* Controller */,
				958863DC1C3F1AF600840FB4 /* Supporting Files */,
				958863A81C3F19AE00840FB4 /* Assets.xcassets */,
				958863AD1C3F19AE00840FB4 /* Info.plist */,
			);
			path = CodeMashQuality;
			sourceTree = "<group>";
		};
		958863B51C3F19AE00840FB4 /* CodeMashQualityTests */ = {
			isa = PBXGroup;
			children = (
				958864231C3F7E9C00840FB4 /* GenericTests.swift */,
				958863B61C3F19AE00840FB4 /* CodeMashQualityTests.swift */,
				958863B81C3F19AE00840FB4 /* Info.plist */,
				958863DD1C3F1C7D00840FB4 /* ParsePeformanceTests.swift */,
			);
			path = CodeMashQualityTests;
			sourceTree = "<group>";
		};
		958863C01C3F19AE00840FB4 /* CodeMashQualityUITests */ = {
			isa = PBXGroup;
			children = (
				958863C11C3F19AE00840FB4 /* CodeMashQualityUITests.swift */,
				958863C31C3F19AE00840FB4 /* Info.plist */,
			);
			path = CodeMashQualityUITests;
			sourceTree = "<group>";
		};
		958863CF1C3F1AAC00840FB4 /* Model */ = {
			isa = PBXGroup;
			children = (
				958863D51C3F1AF000840FB4 /* Rates.swift */,
				958863DF1C3F1E0B00840FB4 /* Products.swift */,
			);
			name = Model;
			sourceTree = "<group>";
		};
		958863D01C3F1AB400840FB4 /* View */ = {
			isa = PBXGroup;
			children = (
				958863A51C3F19AE00840FB4 /* Main.storyboard */,
				958863AA1C3F19AE00840FB4 /* LaunchScreen.storyboard */,
			);
			name = View;
			sourceTree = "<group>";
		};
		958863D11C3F1ABA00840FB4 /* Controller */ = {
			isa = PBXGroup;
			children = (
				958863D41C3F1AF000840FB4 /* PaymentViewController.swift */,
				958863D61C3F1AF000840FB4 /* RatesTableViewController.swift */,
			);
			name = Controller;
			sourceTree = "<group>";
		};
		958863DC1C3F1AF600840FB4 /* Supporting Files */ = {
			isa = PBXGroup;
			children = (
				958863D21C3F1AF000840FB4 /* ApiHelper.swift */,
				958863D31C3F1AF000840FB4 /* GlobalHelper.swift */,
				9588639F1C3F19AE00840FB4 /* AppDelegate.swift */,
			);
			name = "Supporting Files";
			sourceTree = "<group>";
		};
		958863E81C3F26F800840FB4 /* External Libraries */ = {
			isa = PBXGroup;
			children = (
				958863F11C3F285900840FB4 /* SystemConfiguration.framework */,
				958863E91C3F277600840FB4 /* libsqlite3.tbd */,
				958863E11C3F26E800840FB4 /* Bolts.framework */,
				958863E21C3F26E800840FB4 /* Parse.framework */,
			);
			name = "External Libraries";
			sourceTree = "<group>";
		};
/* End PBXGroup section */

/* Begin PBXNativeTarget section */
		9588639B1C3F19AE00840FB4 /* CodeMashQuality */ = {
			isa = PBXNativeTarget;
			buildConfigurationList = 958863C61C3F19AE00840FB4 /* Build configuration list for PBXNativeTarget "CodeMashQuality" */;
			buildPhases = (
				958863981C3F19AE00840FB4 /* Sources */,
				958863991C3F19AE00840FB4 /* Frameworks */,
				9588639A1C3F19AE00840FB4 /* Resources */,
				958863E71C3F26E800840FB4 /* Embed Frameworks */,
			);
			buildRules = (
			);
			dependencies = (
			);
			name = CodeMashQuality;
			productName = CodeMashQuality;
			productReference = 9588639C1C3F19AE00840FB4 /* CodeMashQuality.app */;
			productType = "com.apple.product-type.application";
		};
		958863B11C3F19AE00840FB4 /* CodeMashQualityTests */ = {
			isa = PBXNativeTarget;
			buildConfigurationList = 958863C91C3F19AE00840FB4 /* Build configuration list for PBXNativeTarget "CodeMashQualityTests" */;
			buildPhases = (
				958863AE1C3F19AE00840FB4 /* Sources */,
				958863AF1C3F19AE00840FB4 /* Frameworks */,
				958863B01C3F19AE00840FB4 /* Resources */,
			);
			buildRules = (
			);
			dependencies = (
				958863B41C3F19AE00840FB4 /* PBXTargetDependency */,
			);
			name = CodeMashQualityTests;
			productName = CodeMashQualityTests;
			productReference = 958863B21C3F19AE00840FB4 /* CodeMashQualityTests.xctest */;
			productType = "com.apple.product-type.bundle.unit-test";
		};
		958863BC1C3F19AE00840FB4 /* CodeMashQualityUITests */ = {
			isa = PBXNativeTarget;
			buildConfigurationList = 958863CC1C3F19AE00840FB4 /* Build configuration list for PBXNativeTarget "CodeMashQualityUITests" */;
			buildPhases = (
				958863B91C3F19AE00840FB4 /* Sources */,
				958863BA1C3F19AE00840FB4 /* Frameworks */,
				958863BB1C3F19AE00840FB4 /* Resources */,
			);
			buildRules = (
			);
			dependencies = (
				958863BF1C3F19AE00840FB4 /* PBXTargetDependency */,
			);
			name = CodeMashQualityUITests;
			productName = CodeMashQualityUITests;
			productReference = 958863BD1C3F19AE00840FB4 /* CodeMashQualityUITests.xctest */;
			productType = "com.apple.product-type.bundle.ui-testing";
		};
/* End PBXNativeTarget section */

/* Begin PBXProject section */
		958863941C3F19AE00840FB4 /* Project object */ = {
			isa = PBXProject;
			attributes = {
				LastSwiftUpdateCheck = 0720;
				LastUpgradeCheck = 0720;
				ORGANIZATIONNAME = GroundSpeed;
				TargetAttributes = {
					9588639B1C3F19AE00840FB4 = {
						CreatedOnToolsVersion = 7.2;
					};
					958863B11C3F19AE00840FB4 = {
						CreatedOnToolsVersion = 7.2;
						TestTargetID = 9588639B1C3F19AE00840FB4;
					};
					958863BC1C3F19AE00840FB4 = {
						CreatedOnToolsVersion = 7.2;
						TestTargetID = 9588639B1C3F19AE00840FB4;
					};
				};
			};
			buildConfigurationList = 958863971C3F19AE00840FB4 /* Build configuration list for PBXProject "CodeMashQuality" */;
			compatibilityVersion = "Xcode 3.2";
			developmentRegion = English;
			hasScannedForEncodings = 0;
			knownRegions = (
				en,
				Base,
			);
			mainGroup = 958863931C3F19AE00840FB4;
			productRefGroup = 9588639D1C3F19AE00840FB4 /* Products */;
			projectDirPath = "";
			projectRoot = "";
			targets = (
				9588639B1C3F19AE00840FB4 /* CodeMashQuality */,
				958863B11C3F19AE00840FB4 /* CodeMashQualityTests */,
				958863BC1C3F19AE00840FB4 /* CodeMashQualityUITests */,
			);
		};
/* End PBXProject section */

/* Begin PBXResourcesBuildPhase section */
		9588639A1C3F19AE00840FB4 /* Resources */ = {
			isa = PBXResourcesBuildPhase;
			buildActionMask = 2147483647;
			files = (
				958863AC1C3F19AE00840FB4 /* LaunchScreen.storyboard in Resources */,
				958863A91C3F19AE00840FB4 /* Assets.xcassets in Resources */,
				958863A71C3F19AE00840FB4 /* Main.storyboard in Resources */,
			);
			runOnlyForDeploymentPostprocessing = 0;
		};
		958863B01C3F19AE00840FB4 /* Resources */ = {
			isa = PBXResourcesBuildPhase;
			buildActionMask = 2147483647;
			files = (
			);
			runOnlyForDeploymentPostprocessing = 0;
		};
		958863BB1C3F19AE00840FB4 /* Resources */ = {
			isa = PBXResourcesBuildPhase;
			buildActionMask = 2147483647;
			files = (
			);
			runOnlyForDeploymentPostprocessing = 0;
		};
/* End PBXResourcesBuildPhase section */

/* Begin PBXSourcesBuildPhase section */
		958863981C3F19AE00840FB4 /* Sources */ = {
			isa = PBXSourcesBuildPhase;
			buildActionMask = 2147483647;
			files = (
				958863D81C3F1AF000840FB4 /* GlobalHelper.swift in Sources */,
				958863DA1C3F1AF000840FB4 /* Rates.swift in Sources */,
				958863D71C3F1AF000840FB4 /* ApiHelper.swift in Sources */,
				958863E01C3F1E0B00840FB4 /* Products.swift in Sources */,
				958863A01C3F19AE00840FB4 /* AppDelegate.swift in Sources */,
				958863D91C3F1AF000840FB4 /* PaymentViewController.swift in Sources */,
				958863DB1C3F1AF000840FB4 /* RatesTableViewController.swift in Sources */,
			);
			runOnlyForDeploymentPostprocessing = 0;
		};
		958863AE1C3F19AE00840FB4 /* Sources */ = {
			isa = PBXSourcesBuildPhase;
			buildActionMask = 2147483647;
			files = (
				958863B71C3F19AE00840FB4 /* CodeMashQualityTests.swift in Sources */,
				958864241C3F7E9C00840FB4 /* GenericTests.swift in Sources */,
				958863DE1C3F1C7D00840FB4 /* ParsePeformanceTests.swift in Sources */,
			);
			runOnlyForDeploymentPostprocessing = 0;
		};
		958863B91C3F19AE00840FB4 /* Sources */ = {
			isa = PBXSourcesBuildPhase;
			buildActionMask = 2147483647;
			files = (
				958863C21C3F19AE00840FB4 /* CodeMashQualityUITests.swift in Sources */,
			);
			runOnlyForDeploymentPostprocessing = 0;
		};
/* End PBXSourcesBuildPhase section */

/* Begin PBXTargetDependency section */
		958863B41C3F19AE00840FB4 /* PBXTargetDependency */ = {
			isa = PBXTargetDependency;
			target = 9588639B1C3F19AE00840FB4 /* CodeMashQuality */;
			targetProxy = 958863B31C3F19AE00840FB4 /* PBXContainerItemProxy */;
		};
		958863BF1C3F19AE00840FB4 /* PBXTargetDependency */ = {
			isa = PBXTargetDependency;
			target = 9588639B1C3F19AE00840FB4 /* CodeMashQuality */;
			targetProxy = 958863BE1C3F19AE00840FB4 /* PBXContainerItemProxy */;
		};
/* End PBXTargetDependency section */

/* Begin PBXVariantGroup section */
		958863A51C3F19AE00840FB4 /* Main.storyboard */ = {
			isa = PBXVariantGroup;
			children = (
				958863A61C3F19AE00840FB4 /* Base */,
			);
			name = Main.storyboard;
			sourceTree = "<group>";
		};
		958863AA1C3F19AE00840FB4 /* LaunchScreen.storyboard */ = {
			isa = PBXVariantGroup;
			children = (
				958863AB1C3F19AE00840FB4 /* Base */,
			);
			name = LaunchScreen.storyboard;
			sourceTree = "<group>";
		};
/* End PBXVariantGroup section */

/* Begin XCBuildConfiguration section */
		958863C41C3F19AE00840FB4 /* Debug */ = {
			isa = XCBuildConfiguration;
			buildSettings = {
				ALWAYS_SEARCH_USER_PATHS = NO;
				CLANG_CXX_LANGUAGE_STANDARD = "gnu++0x";
				CLANG_CXX_LIBRARY = "libc++";
				CLANG_ENABLE_MODULES = YES;
				CLANG_ENABLE_OBJC_ARC = YES;
				CLANG_WARN_BOOL_CONVERSION = YES;
				CLANG_WARN_CONSTANT_CONVERSION = YES;
				CLANG_WARN_DIRECT_OBJC_ISA_USAGE = YES_ERROR;
				CLANG_WARN_EMPTY_BODY = YES;
				CLANG_WARN_ENUM_CONVERSION = YES;
				CLANG_WARN_INT_CONVERSION = YES;
				CLANG_WARN_OBJC_ROOT_CLASS = YES_ERROR;
				CLANG_WARN_UNREACHABLE_CODE = YES;
				CLANG_WARN__DUPLICATE_METHOD_MATCH = YES;
				"CODE_SIGN_IDENTITY[sdk=iphoneos*]" = "iPhone Developer";
				COPY_PHASE_STRIP = NO;
				DEBUG_INFORMATION_FORMAT = dwarf;
				ENABLE_STRICT_OBJC_MSGSEND = YES;
				ENABLE_TESTABILITY = YES;
				GCC_C_LANGUAGE_STANDARD = gnu99;
				GCC_DYNAMIC_NO_PIC = NO;
				GCC_NO_COMMON_BLOCKS = YES;
				GCC_OPTIMIZATION_LEVEL = 0;
				GCC_PREPROCESSOR_DEFINITIONS = (
					"DEBUG=1",
					"$(inherited)",
				);
				GCC_WARN_64_TO_32_BIT_CONVERSION = YES;
				GCC_WARN_ABOUT_RETURN_TYPE = YES_ERROR;
				GCC_WARN_UNDECLARED_SELECTOR = YES;
				GCC_WARN_UNINITIALIZED_AUTOS = YES_AGGRESSIVE;
				GCC_WARN_UNUSED_FUNCTION = YES;
				GCC_WARN_UNUSED_VARIABLE = YES;
				IPHONEOS_DEPLOYMENT_TARGET = 9.2;
				MTL_ENABLE_DEBUG_INFO = YES;
				ONLY_ACTIVE_ARCH = YES;
				SDKROOT = iphoneos;
				SWIFT_OPTIMIZATION_LEVEL = "-Onone";
			};
			name = Debug;
		};
		958863C51C3F19AE00840FB4 /* Release */ = {
			isa = XCBuildConfiguration;
			buildSettings = {
				ALWAYS_SEARCH_USER_PATHS = NO;
				CLANG_CXX_LANGUAGE_STANDARD = "gnu++0x";
				CLANG_CXX_LIBRARY = "libc++";
				CLANG_ENABLE_MODULES = YES;
				CLANG_ENABLE_OBJC_ARC = YES;
				CLANG_WARN_BOOL_CONVERSION = YES;
				CLANG_WARN_CONSTANT_CONVERSION = YES;
				CLANG_WARN_DIRECT_OBJC_ISA_USAGE = YES_ERROR;
				CLANG_WARN_EMPTY_BODY = YES;
				CLANG_WARN_ENUM_CONVERSION = YES;
				CLANG_WARN_INT_CONVERSION = YES;
				CLANG_WARN_OBJC_ROOT_CLASS = YES_ERROR;
				CLANG_WARN_UNREACHABLE_CODE = YES;
				CLANG_WARN__DUPLICATE_METHOD_MATCH = YES;
				"CODE_SIGN_IDENTITY[sdk=iphoneos*]" = "iPhone Developer";
				COPY_PHASE_STRIP = NO;
				DEBUG_INFORMATION_FORMAT = "dwarf-with-dsym";
				ENABLE_NS_ASSERTIONS = NO;
				ENABLE_STRICT_OBJC_MSGSEND = YES;
				GCC_C_LANGUAGE_STANDARD = gnu99;
				GCC_NO_COMMON_BLOCKS = YES;
				GCC_WARN_64_TO_32_BIT_CONVERSION = YES;
				GCC_WARN_ABOUT_RETURN_TYPE = YES_ERROR;
				GCC_WARN_UNDECLARED_SELECTOR = YES;
				GCC_WARN_UNINITIALIZED_AUTOS = YES_AGGRESSIVE;
				GCC_WARN_UNUSED_FUNCTION = YES;
				GCC_WARN_UNUSED_VARIABLE = YES;
				IPHONEOS_DEPLOYMENT_TARGET = 9.2;
				MTL_ENABLE_DEBUG_INFO = NO;
				SDKROOT = iphoneos;
				VALIDATE_PRODUCT = YES;
			};
			name = Release;
		};
		958863C71C3F19AE00840FB4 /* Debug */ = {
			isa = XCBuildConfiguration;
			buildSettings = {
				ASSETCATALOG_COMPILER_APPICON_NAME = AppIcon;
				FRAMEWORK_SEARCH_PATHS = (
					"$(inherited)",
					"$(PROJECT_DIR)",
				);
				INFOPLIST_FILE = CodeMashQuality/Info.plist;
				LD_RUNPATH_SEARCH_PATHS = "$(inherited) @executable_path/Frameworks";
				PRODUCT_BUNDLE_IDENTIFIER = com.groundspeedhq.CodeMashQuality;
				PRODUCT_NAME = "$(TARGET_NAME)";
			};
			name = Debug;
		};
		958863C81C3F19AE00840FB4 /* Release */ = {
			isa = XCBuildConfiguration;
			buildSettings = {
				ASSETCATALOG_COMPILER_APPICON_NAME = AppIcon;
				FRAMEWORK_SEARCH_PATHS = (
					"$(inherited)",
					"$(PROJECT_DIR)",
				);
				INFOPLIST_FILE = CodeMashQuality/Info.plist;
				LD_RUNPATH_SEARCH_PATHS = "$(inherited) @executable_path/Frameworks";
				PRODUCT_BUNDLE_IDENTIFIER = com.groundspeedhq.CodeMashQuality;
				PRODUCT_NAME = "$(TARGET_NAME)";
			};
			name = Release;
		};
		958863CA1C3F19AE00840FB4 /* Debug */ = {
			isa = XCBuildConfiguration;
			buildSettings = {
				BUNDLE_LOADER = "$(TEST_HOST)";
				FRAMEWORK_SEARCH_PATHS = (
					"$(inherited)",
					"$(PROJECT_DIR)",
				);
				INFOPLIST_FILE = CodeMashQualityTests/Info.plist;
				LD_RUNPATH_SEARCH_PATHS = "$(inherited) @executable_path/Frameworks @loader_path/Frameworks";
				PRODUCT_BUNDLE_IDENTIFIER = com.groundspeedhq.CodeMashQualityTests;
				PRODUCT_NAME = "$(TARGET_NAME)";
				TEST_HOST = "$(BUILT_PRODUCTS_DIR)/CodeMashQuality.app/CodeMashQuality";
			};
			name = Debug;
		};
		958863CB1C3F19AE00840FB4 /* Release */ = {
			isa = XCBuildConfiguration;
			buildSettings = {
				BUNDLE_LOADER = "$(TEST_HOST)";
				FRAMEWORK_SEARCH_PATHS = (
					"$(inherited)",
					"$(PROJECT_DIR)",
				);
				INFOPLIST_FILE = CodeMashQualityTests/Info.plist;
				LD_RUNPATH_SEARCH_PATHS = "$(inherited) @executable_path/Frameworks @loader_path/Frameworks";
				PRODUCT_BUNDLE_IDENTIFIER = com.groundspeedhq.CodeMashQualityTests;
				PRODUCT_NAME = "$(TARGET_NAME)";
				TEST_HOST = "$(BUILT_PRODUCTS_DIR)/CodeMashQuality.app/CodeMashQuality";
			};
			name = Release;
		};
		958863CD1C3F19AE00840FB4 /* Debug */ = {
			isa = XCBuildConfiguration;
			buildSettings = {
				INFOPLIST_FILE = CodeMashQualityUITests/Info.plist;
				LD_RUNPATH_SEARCH_PATHS = "$(inherited) @executable_path/Frameworks @loader_path/Frameworks";
				PRODUCT_BUNDLE_IDENTIFIER = com.groundspeedhq.CodeMashQualityUITests;
				PRODUCT_NAME = "$(TARGET_NAME)";
				TEST_TARGET_NAME = CodeMashQuality;
				USES_XCTRUNNER = YES;
			};
			name = Debug;
		};
		958863CE1C3F19AE00840FB4 /* Release */ = {
			isa = XCBuildConfiguration;
			buildSettings = {
				INFOPLIST_FILE = CodeMashQualityUITests/Info.plist;
				LD_RUNPATH_SEARCH_PATHS = "$(inherited) @executable_path/Frameworks @loader_path/Frameworks";
				PRODUCT_BUNDLE_IDENTIFIER = com.groundspeedhq.CodeMashQualityUITests;
				PRODUCT_NAME = "$(TARGET_NAME)";
				TEST_TARGET_NAME = CodeMashQuality;
				USES_XCTRUNNER = YES;
			};
			name = Release;
		};
/* End XCBuildConfiguration section */

/* Begin XCConfigurationList section */
		958863971C3F19AE00840FB4 /* Build configuration list for PBXProject "CodeMashQuality" */ = {
			isa = XCConfigurationList;
			buildConfigurations = (
				958863C41C3F19AE00840FB4 /* Debug */,
				958863C51C3F19AE00840FB4 /* Release */,
			);
			defaultConfigurationIsVisible = 0;
			defaultConfigurationName = Release;
		};
		958863C61C3F19AE00840FB4 /* Build configuration list for PBXNativeTarget "CodeMashQuality" */ = {
			isa = XCConfigurationList;
			buildConfigurations = (
				958863C71C3F19AE00840FB4 /* Debug */,
				958863C81C3F19AE00840FB4 /* Release */,
			);
			defaultConfigurationIsVisible = 0;
			defaultConfigurationName = Release;
		};
		958863C91C3F19AE00840FB4 /* Build configuration list for PBXNativeTarget "CodeMashQualityTests" */ = {
			isa = XCConfigurationList;
			buildConfigurations = (
				958863CA1C3F19AE00840FB4 /* Debug */,
				958863CB1C3F19AE00840FB4 /* Release */,
			);
			defaultConfigurationIsVisible = 0;
			defaultConfigurationName = Release;
		};
		958863CC1C3F19AE00840FB4 /* Build configuration list for PBXNativeTarget "CodeMashQualityUITests" */ = {
			isa = XCConfigurationList;
			buildConfigurations = (
				958863CD1C3F19AE00840FB4 /* Debug */,
				958863CE1C3F19AE00840FB4 /* Release */,
			);
			defaultConfigurationIsVisible = 0;
			defaultConfigurationName = Release;
		};
/* End XCConfigurationList section */
	};
	rootObject = 958863941C3F19AE00840FB4 /* Project object */;
}
